
Microsoft Visual Studio Solution File, Format Version 12.00
# Visual Studio Version 17
VisualStudioVersion = 17.6.33815.320
MinimumVisualStudioVersion = 10.0.40219.1
Project("{9A19103F-16F7-4668-BE54-9A1E7A4F7556}") = "bytebank", "bytebank\bytebank.csproj", "{6F6AD083-5B26-4C78-8BE9-F454B12CE764}"
EndProject
Project("{9A19103F-16F7-4668-BE54-9A1E7A4F7556}") = "SupermercadoMenorPreco", "SupermercadoMenorPreco\SupermercadoMenorPreco.csproj", "{45EDB01E-20C7-449A-82AB-C640E5D5ADA1}"
EndProject
Project("{9A19103F-16F7-4668-BE54-9A1E7A4F7556}") = "SistemaMedico", "SistemaMedico\SistemaMedico\SistemaMedico.csproj", "{EB4D03C1-0666-4F96-89A1-67BBCC2A098F}"
EndProject
Project("{9A19103F-16F7-4668-BE54-9A1E7A4F7556}") = "Escola", "Escola\Escola.csproj", "{33EC35F6-EDC4-431A-A8FD-F9F81935A131}"
EndProject
Project("{9A19103F-16F7-4668-BE54-9A1E7A4F7556}") = "FastFood", "FastFood\FastFood.csproj", "{561CD44E-7704-4553-8500-A239432EF791}"
EndProject
Project("{2150E333-8FDC-42A3-9474-1A3956D46DE8}") = "Desafios", "Desafios", "{361A00EC-607F-4986-9306-98DB2BD95573}"
EndProject
Project("{FAE04EC0-301F-11D3-BF4B-00C04F79EFBC}") = "bytebank_ADM", "bytebank_ADM\bytebank_ADM.csproj", "{399CF911-48CF-415E-B6A8-1686A6167378}"
EndProject
Global
	GlobalSection(SolutionConfigurationPlatforms) = preSolution
		Debug|Any CPU = Debug|Any CPU
		Release|Any CPU = Release|Any CPU
	EndGlobalSection
	GlobalSection(ProjectConfigurationPlatforms) = postSolution
		{6F6AD083-5B26-4C78-8BE9-F454B12CE764}.Debug|Any CPU.ActiveCfg = Debug|Any CPU
		{6F6AD083-5B26-4C78-8BE9-F454B12CE764}.Debug|Any CPU.Build.0 = Debug|Any CPU
		{6F6AD083-5B26-4C78-8BE9-F454B12CE764}.Release|Any CPU.ActiveCfg = Release|Any CPU
		{6F6AD083-5B26-4C78-8BE9-F454B12CE764}.Release|Any CPU.Build.0 = Release|Any CPU
		{45EDB01E-20C7-449A-82AB-C640E5D5ADA1}.Debug|Any CPU.ActiveCfg = Debug|Any CPU
		{45EDB01E-20C7-449A-82AB-C640E5D5ADA1}.Debug|Any CPU.Build.0 = Debug|Any CPU
		{45EDB01E-20C7-449A-82AB-C640E5D5ADA1}.Release|Any CPU.ActiveCfg = Release|Any CPU
		{45EDB01E-20C7-449A-82AB-C640E5D5ADA1}.Release|Any CPU.Build.0 = Release|Any CPU
		{EB4D03C1-0666-4F96-89A1-67BBCC2A098F}.Debug|Any CPU.ActiveCfg = Debug|Any CPU
		{EB4D03C1-0666-4F96-89A1-67BBCC2A098F}.Debug|Any CPU.Build.0 = Debug|Any CPU
		{EB4D03C1-0666-4F96-89A1-67BBCC2A098F}.Release|Any CPU.ActiveCfg = Release|Any CPU
		{EB4D03C1-0666-4F96-89A1-67BBCC2A098F}.Release|Any CPU.Build.0 = Release|Any CPU
		{33EC35F6-EDC4-431A-A8FD-F9F81935A131}.Debug|Any CPU.ActiveCfg = Debug|Any CPU
		{33EC35F6-EDC4-431A-A8FD-F9F81935A131}.Debug|Any CPU.Build.0 = Debug|Any CPU
		{33EC35F6-EDC4-431A-A8FD-F9F81935A131}.Release|Any CPU.ActiveCfg = Release|Any CPU
		{33EC35F6-EDC4-431A-A8FD-F9F81935A131}.Release|Any CPU.Build.0 = Release|Any CPU
		{561CD44E-7704-4553-8500-A239432EF791}.Debug|Any CPU.ActiveCfg = Debug|Any CPU
		{561CD44E-7704-4553-8500-A239432EF791}.Debug|Any CPU.Build.0 = Debug|Any CPU
		{561CD44E-7704-4553-8500-A239432EF791}.Release|Any CPU.ActiveCfg = Release|Any CPU
		{561CD44E-7704-4553-8500-A239432EF791}.Release|Any CPU.Build.0 = Release|Any CPU
		{399CF911-48CF-415E-B6A8-1686A6167378}.Debug|Any CPU.ActiveCfg = Debug|Any CPU
		{399CF911-48CF-415E-B6A8-1686A6167378}.Debug|Any CPU.Build.0 = Debug|Any CPU
		{399CF911-48CF-415E-B6A8-1686A6167378}.Release|Any CPU.ActiveCfg = Release|Any CPU
		{399CF911-48CF-415E-B6A8-1686A6167378}.Release|Any CPU.Build.0 = Release|Any CPU
	EndGlobalSection
	GlobalSection(SolutionProperties) = preSolution
		HideSolutionNode = FALSE
	EndGlobalSection
	GlobalSection(NestedProjects) = preSolution
		{45EDB01E-20C7-449A-82AB-C640E5D5ADA1} = {361A00EC-607F-4986-9306-98DB2BD95573}
		{EB4D03C1-0666-4F96-89A1-67BBCC2A098F} = {361A00EC-607F-4986-9306-98DB2BD95573}
		{33EC35F6-EDC4-431A-A8FD-F9F81935A131} = {361A00EC-607F-4986-9306-98DB2BD95573}
		{561CD44E-7704-4553-8500-A239432EF791} = {361A00EC-607F-4986-9306-98DB2BD95573}
	EndGlobalSection
	GlobalSection(ExtensibilityGlobals) = postSolution
		SolutionGuid = {EA13922B-5B67-4A21-877E-1D46FFB90703}
	EndGlobalSection
EndGlobal
